
Microsoft Visual Studio Solution File, Format Version 12.00
# Visual Studio Version 17
VisualStudioVersion = 17.8.34322.80
MinimumVisualStudioVersion = 10.0.40219.1
Project("{FAE04EC0-301F-11D3-BF4B-00C04F79EFBC}") = "Bookies_App", "Bookies_App.csproj", "{876E0A32-8A00-4043-B597-9065D7CB431C}"
EndProject
Global
	GlobalSection(SolutionConfigurationPlatforms) = preSolution
		Debug|Any CPU = Debug|Any CPU
		Release|Any CPU = Release|Any CPU
	EndGlobalSection
	GlobalSection(ProjectConfigurationPlatforms) = postSolution
		{876E0A32-8A00-4043-B597-9065D7CB431C}.Debug|Any CPU.ActiveCfg = Debug|Any CPU
		{876E0A32-8A00-4043-B597-9065D7CB431C}.Debug|Any CPU.Build.0 = Debug|Any CPU
		{876E0A32-8A00-4043-B597-9065D7CB431C}.Release|Any CPU.ActiveCfg = Release|Any CPU
		{876E0A32-8A00-4043-B597-9065D7CB431C}.Release|Any CPU.Build.0 = Release|Any CPU
	EndGlobalSection
	GlobalSection(SolutionProperties) = preSolution
		HideSolutionNode = FALSE
	EndGlobalSection
	GlobalSection(ExtensibilityGlobals) = postSolution
		SolutionGuid = {804DABF8-0DAB-470C-963E-3DBC07D128D7}
	EndGlobalSection
EndGlobal
